
Microsoft Visual Studio Solution File, Format Version 12.00
# Visual Studio 15
VisualStudioVersion = 15.0.26430.13
MinimumVisualStudioVersion = 10.0.40219.1
Project("{9A19103F-16F7-4668-BE54-9A1E7A4F7556}") = "PackageBuilder", "PackageBuilder\PackageBuilder.csproj", "{136A3FF7-90D1-4F0F-97A0-D6BF8E8712BC}"
EndProject
Project("{9A19103F-16F7-4668-BE54-9A1E7A4F7556}") = "FunctionHandler", "FunctionCaller\FunctionHandler.csproj", "{63E2E44C-4FA4-4FB1-98AC-C58B8D3FF7ED}"
EndProject
Global
	GlobalSection(SolutionConfigurationPlatforms) = preSolution
		Debug|Any CPU = Debug|Any CPU
		Release|Any CPU = Release|Any CPU
	EndGlobalSection
	GlobalSection(ProjectConfigurationPlatforms) = postSolution
		{136A3FF7-90D1-4F0F-97A0-D6BF8E8712BC}.Debug|Any CPU.ActiveCfg = Debug|Any CPU
		{136A3FF7-90D1-4F0F-97A0-D6BF8E8712BC}.Debug|Any CPU.Build.0 = Debug|Any CPU
		{136A3FF7-90D1-4F0F-97A0-D6BF8E8712BC}.Release|Any CPU.ActiveCfg = Release|Any CPU
		{136A3FF7-90D1-4F0F-97A0-D6BF8E8712BC}.Release|Any CPU.Build.0 = Release|Any CPU
		{63E2E44C-4FA4-4FB1-98AC-C58B8D3FF7ED}.Debug|Any CPU.ActiveCfg = Debug|Any CPU
		{63E2E44C-4FA4-4FB1-98AC-C58B8D3FF7ED}.Debug|Any CPU.Build.0 = Debug|Any CPU
		{63E2E44C-4FA4-4FB1-98AC-C58B8D3FF7ED}.Release|Any CPU.ActiveCfg = Release|Any CPU
		{63E2E44C-4FA4-4FB1-98AC-C58B8D3FF7ED}.Release|Any CPU.Build.0 = Release|Any CPU
	EndGlobalSection
	GlobalSection(SolutionProperties) = preSolution
		HideSolutionNode = FALSE
	EndGlobalSection
EndGlobal
